// !$*UTF8*$!
{
	archiveVersion = 1;
	classes = {
	};
	objectVersion = 48;
	objects = {

/* Begin PBXBuildFile section */
		6205A75A1F7D45F4000A97E7 /* AppDelegate.swift in Sources */ = {isa = PBXBuildFile; fileRef = 6205A7591F7D45F4000A97E7 /* AppDelegate.swift */; };
		6205A75C1F7D45F4000A97E7 /* ViewController.swift in Sources */ = {isa = PBXBuildFile; fileRef = 6205A75B1F7D45F4000A97E7 /* ViewController.swift */; };
		6205A75F1F7D45F4000A97E7 /* Main.storyboard in Resources */ = {isa = PBXBuildFile; fileRef = 6205A75D1F7D45F4000A97E7 /* Main.storyboard */; };
		6205A7611F7D45F4000A97E7 /* Assets.xcassets in Resources */ = {isa = PBXBuildFile; fileRef = 6205A7601F7D45F4000A97E7 /* Assets.xcassets */; };
		6205A7641F7D45F4000A97E7 /* LaunchScreen.storyboard in Resources */ = {isa = PBXBuildFile; fileRef = 6205A7621F7D45F4000A97E7 /* LaunchScreen.storyboard */; };
		6205A76C1F7D461D000A97E7 /* WaveView.swift in Sources */ = {isa = PBXBuildFile; fileRef = 6205A76B1F7D461D000A97E7 /* WaveView.swift */; };
/* End PBXBuildFile section */

/* Begin PBXFileReference section */
		6205A7561F7D45F4000A97E7 /* WaveAnimation.app */ = {isa = PBXFileReference; explicitFileType = wrapper.application; includeInIndex = 0; path = WaveAnimation.app; sourceTree = BUILT_PRODUCTS_DIR; };
		6205A7591F7D45F4000A97E7 /* AppDelegate.swift */ = {isa = PBXFileReference; lastKnownFileType = sourcecode.swift; path = AppDelegate.swift; sourceTree = "<group>"; };
		6205A75B1F7D45F4000A97E7 /* ViewController.swift */ = {isa = PBXFileReference; lastKnownFileType = sourcecode.swift; path = ViewController.swift; sourceTree = "<group>"; };
		6205A75E1F7D45F4000A97E7 /* Base */ = {isa = PBXFileReference; lastKnownFileType = file.storyboard; name = Base; path = Base.lproj/Main.storyboard; sourceTree = "<group>"; };
		6205A7601F7D45F4000A97E7 /* Assets.xcassets */ = {isa = PBXFileReference; lastKnownFileType = folder.assetcatalog; path = Assets.xcassets; sourceTree = "<group>"; };
		6205A7631F7D45F4000A97E7 /* Base */ = {isa = PBXFileReference; lastKnownFileType = file.storyboard; name = Base; path = Base.lproj/LaunchScreen.storyboard; sourceTree = "<group>"; };
		6205A7651F7D45F4000A97E7 /* Info.plist */ = {isa = PBXFileReference; lastKnownFileType = text.plist.xml; path = Info.plist; sourceTree = "<group>"; };
		6205A76B1F7D461D000A97E7 /* WaveView.swift */ = {isa = PBXFileReference; lastKnownFileType = sourcecode.swift; path = WaveView.swift; sourceTree = "<group>"; };
/* End PBXFileReference section */

/* Begin PBXFrameworksBuildPhase section */
		6205A7531F7D45F4000A97E7 /* Frameworks */ = {
			isa = PBXFrameworksBuildPhase;
			buildActionMask = 2147483647;
			files = (
			);
			runOnlyForDeploymentPostprocessing = 0;
		};
/* End PBXFrameworksBuildPhase section */

/* Begin PBXGroup section */
		6205A74D1F7D45F4000A97E7 = {
			isa = PBXGroup;
			children = (
				6205A7581F7D45F4000A97E7 /* WaveAnimation */,
				6205A7571F7D45F4000A97E7 /* Products */,
			);
			sourceTree = "<group>";
		};
		6205A7571F7D45F4000A97E7 /* Products */ = {
			isa = PBXGroup;
			children = (
				6205A7561F7D45F4000A97E7 /* WaveAnimation.app */,
			);
			name = Products;
			sourceTree = "<group>";
		};
		6205A7581F7D45F4000A97E7 /* WaveAnimation */ = {
			isa = PBXGroup;
			children = (
				6205A7591F7D45F4000A97E7 /* AppDelegate.swift */,
				6205A75B1F7D45F4000A97E7 /* ViewController.swift */,
				6205A76B1F7D461D000A97E7 /* WaveView.swift */,
				6205A75D1F7D45F4000A97E7 /* Main.storyboard */,
				6205A7601F7D45F4000A97E7 /* Assets.xcassets */,
				6205A7621F7D45F4000A97E7 /* LaunchScreen.storyboard */,
				6205A7651F7D45F4000A97E7 /* Info.plist */,
			);
			path = WaveAnimation;
			sourceTree = "<group>";
		};
/* End PBXGroup section */

/* Begin PBXNativeTarget section */
		6205A7551F7D45F4000A97E7 /* WaveAnimation */ = {
			isa = PBXNativeTarget;
			buildConfigurationList = 6205A7681F7D45F4000A97E7 /* Build configuration list for PBXNativeTarget "WaveAnimation" */;
			buildPhases = (
				6205A7521F7D45F4000A97E7 /* Sources */,
				6205A7531F7D45F4000A97E7 /* Frameworks */,
				6205A7541F7D45F4000A97E7 /* Resources */,
			);
			buildRules = (
			);
			dependencies = (
			);
			name = WaveAnimation;
			productName = WaveAnimation;
			productReference = 6205A7561F7D45F4000A97E7 /* WaveAnimation.app */;
			productType = "com.apple.product-type.application";
		};
/* End PBXNativeTarget section */

/* Begin PBXProject section */
		6205A74E1F7D45F4000A97E7 /* Project object */ = {
			isa = PBXProject;
			attributes = {
				LastSwiftUpdateCheck = 0900;
				LastUpgradeCheck = 0900;
				ORGANIZATIONNAME = llc;
				TargetAttributes = {
					6205A7551F7D45F4000A97E7 = {
						CreatedOnToolsVersion = 9.0;
						ProvisioningStyle = Automatic;
					};
				};
			};
			buildConfigurationList = 6205A7511F7D45F4000A97E7 /* Build configuration list for PBXProject "WaveAnimation" */;
			compatibilityVersion = "Xcode 8.0";
			developmentRegion = en;
			hasScannedForEncodings = 0;
			knownRegions = (
				en,
				Base,
			);
			mainGroup = 6205A74D1F7D45F4000A97E7;
			productRefGroup = 6205A7571F7D45F4000A97E7 /* Products */;
			projectDirPath = "";
			projectRoot = "";
			targets = (
				6205A7551F7D45F4000A97E7 /* WaveAnimation */,
			);
		};
/* End PBXProject section */

/* Begin PBXResourcesBuildPhase section */
		6205A7541F7D45F4000A97E7 /* Resources */ = {
			isa = PBXResourcesBuildPhase;
			buildActionMask = 2147483647;
			files = (
				6205A7641F7D45F4000A97E7 /* LaunchScreen.storyboard in Resources */,
				6205A7611F7D45F4000A97E7 /* Assets.xcassets in Resources */,
				6205A75F1F7D45F4000A97E7 /* Main.storyboard in Resources */,
			);
			runOnlyForDeploymentPostprocessing = 0;
		};
/* End PBXResourcesBuildPhase section */

/* Begin PBXSourcesBuildPhase section */
		6205A7521F7D45F4000A97E7 /* Sources */ = {
			isa = PBXSourcesBuildPhase;
			buildActionMask = 2147483647;
			files = (
				6205A75C1F7D45F4000A97E7 /* ViewController.swift in Sources */,
				6205A76C1F7D461D000A97E7 /* WaveView.swift in Sources */,
				6205A75A1F7D45F4000A97E7 /* AppDelegate.swift in Sources */,
			);
			runOnlyForDeploymentPostprocessing = 0;
		};
/* End PBXSourcesBuildPhase section */

/* Begin PBXVariantGroup section */
		6205A75D1F7D45F4000A97E7 /* Main.storyboard */ = {
			isa = PBXVariantGroup;
			children = (
				6205A75E1F7D45F4000A97E7 /* Base */,
			);
			name = Main.storyboard;
			sourceTree = "<group>";
		};
		6205A7621F7D45F4000A97E7 /* LaunchScreen.storyboard */ = {
			isa = PBXVariantGroup;
			children = (
				6205A7631F7D45F4000A97E7 /* Base */,
			);
			name = LaunchScreen.storyboard;
			sourceTree = "<group>";
		};
/* End PBXVariantGroup section */

/* Begin XCBuildConfiguration section */
		6205A7661F7D45F4000A97E7 /* Debug */ = {
			isa = XCBuildConfiguration;
			buildSettings = {
				ALWAYS_SEARCH_USER_PATHS = NO;
				CLANG_ANALYZER_NONNULL = YES;
				CLANG_ANALYZER_NUMBER_OBJECT_CONVERSION = YES_AGGRESSIVE;
				CLANG_CXX_LANGUAGE_STANDARD = "gnu++14";
				CLANG_CXX_LIBRARY = "libc++";
				CLANG_ENABLE_MODULES = YES;
				CLANG_ENABLE_OBJC_ARC = YES;
				CLANG_WARN_BLOCK_CAPTURE_AUTORELEASING = YES;
				CLANG_WARN_BOOL_CONVERSION = YES;
				CLANG_WARN_COMMA = YES;
				CLANG_WARN_CONSTANT_CONVERSION = YES;
				CLANG_WARN_DIRECT_OBJC_ISA_USAGE = YES_ERROR;
				CLANG_WARN_DOCUMENTATION_COMMENTS = YES;
				CLANG_WARN_EMPTY_BODY = YES;
				CLANG_WARN_ENUM_CONVERSION = YES;
				CLANG_WARN_INFINITE_RECURSION = YES;
				CLANG_WARN_INT_CONVERSION = YES;
				CLANG_WARN_NON_LITERAL_NULL_CONVERSION = YES;
				CLANG_WARN_OBJC_LITERAL_CONVERSION = YES;
				CLANG_WARN_OBJC_ROOT_CLASS = YES_ERROR;
				CLANG_WARN_RANGE_LOOP_ANALYSIS = YES;
				CLANG_WARN_STRICT_PROTOTYPES = YES;
				CLANG_WARN_SUSPICIOUS_MOVE = YES;
				CLANG_WARN_UNGUARDED_AVAILABILITY = YES_AGGRESSIVE;
				CLANG_WARN_UNREACHABLE_CODE = YES;
				CLANG_WARN__DUPLICATE_METHOD_MATCH = YES;
				CODE_SIGN_IDENTITY = "iPhone Developer";
				COPY_PHASE_STRIP = NO;
				DEBUG_INFORMATION_FORMAT = dwarf;
				ENABLE_STRICT_OBJC_MSGSEND = YES;
				ENABLE_TESTABILITY = YES;
				GCC_C_LANGUAGE_STANDARD = gnu11;
				GCC_DYNAMIC_NO_PIC = NO;
				GCC_NO_COMMON_BLOCKS = YES;
				GCC_OPTIMIZATION_LEVEL = 0;
				GCC_PREPROCESSOR_DEFINITIONS = (
					"DEBUG=1",
					"$(inherited)",
				);
				GCC_WARN_64_TO_32_BIT_CONVERSION = YES;
				GCC_WARN_ABOUT_RETURN_TYPE = YES_ERROR;
				GCC_WARN_UNDECLARED_SELECTOR = YES;
				GCC_WARN_UNINITIALIZED_AUTOS = YES_AGGRESSIVE;
				GCC_WARN_UNUSED_FUNCTION = YES;
				GCC_WARN_UNUSED_VARIABLE = YES;
				IPHONEOS_DEPLOYMENT_TARGET = 11.0;
				MTL_ENABLE_DEBUG_INFO = YES;
				ONLY_ACTIVE_ARCH = YES;
				SDKROOT = iphoneos;
				SWIFT_ACTIVE_COMPILATION_CONDITIONS = DEBUG;
				SWIFT_OPTIMIZATION_LEVEL = "-Onone";
			};
			name = Debug;
		};
		6205A7671F7D45F4000A97E7 /* Release */ = {
			isa = XCBuildConfiguration;
			buildSettings = {
				ALWAYS_SEARCH_USER_PATHS = NO;
				CLANG_ANALYZER_NONNULL = YES;
				CLANG_ANALYZER_NUMBER_OBJECT_CONVERSION = YES_AGGRESSIVE;
				CLANG_CXX_LANGUAGE_STANDARD = "gnu++14";
				CLANG_CXX_LIBRARY = "libc++";
				CLANG_ENABLE_MODULES = YES;
				CLANG_ENABLE_OBJC_ARC = YES;
				CLANG_WARN_BLOCK_CAPTURE_AUTORELEASING = YES;
				CLANG_WARN_BOOL_CONVERSION = YES;
				CLANG_WARN_COMMA = YES;
				CLANG_WARN_CONSTANT_CONVERSION = YES;
				CLANG_WARN_DIRECT_OBJC_ISA_USAGE = YES_ERROR;
				CLANG_WARN_DOCUMENTATION_COMMENTS = YES;
				CLANG_WARN_EMPTY_BODY = YES;
				CLANG_WARN_ENUM_CONVERSION = YES;
				CLANG_WARN_INFINITE_RECURSION = YES;
				CLANG_WARN_INT_CONVERSION = YES;
				CLANG_WARN_NON_LITERAL_NULL_CONVERSION = YES;
				CLANG_WARN_OBJC_LITERAL_CONVERSION = YES;
				CLANG_WARN_OBJC_ROOT_CLASS = YES_ERROR;
				CLANG_WARN_RANGE_LOOP_ANALYSIS = YES;
				CLANG_WARN_STRICT_PROTOTYPES = YES;
				CLANG_WARN_SUSPICIOUS_MOVE = YES;
				CLANG_WARN_UNGUARDED_AVAILABILITY = YES_AGGRESSIVE;
				CLANG_WARN_UNREACHABLE_CODE = YES;
				CLANG_WARN__DUPLICATE_METHOD_MATCH = YES;
				CODE_SIGN_IDENTITY = "iPhone Developer";
				COPY_PHASE_STRIP = NO;
				DEBUG_INFORMATION_FORMAT = "dwarf-with-dsym";
				ENABLE_NS_ASSERTIONS = NO;
				ENABLE_STRICT_OBJC_MSGSEND = YES;
				GCC_C_LANGUAGE_STANDARD = gnu11;
				GCC_NO_COMMON_BLOCKS = YES;
				GCC_WARN_64_TO_32_BIT_CONVERSION = YES;
				GCC_WARN_ABOUT_RETURN_TYPE = YES_ERROR;
				GCC_WARN_UNDECLARED_SELECTOR = YES;
				GCC_WARN_UNINITIALIZED_AUTOS = YES_AGGRESSIVE;
				GCC_WARN_UNUSED_FUNCTION = YES;
				GCC_WARN_UNUSED_VARIABLE = YES;
				IPHONEOS_DEPLOYMENT_TARGET = 11.0;
				MTL_ENABLE_DEBUG_INFO = NO;
				SDKROOT = iphoneos;
				SWIFT_OPTIMIZATION_LEVEL = "-Owholemodule";
				VALIDATE_PRODUCT = YES;
			};
			name = Release;
		};
		6205A7691F7D45F4000A97E7 /* Debug */ = {
			isa = XCBuildConfiguration;
			buildSettings = {
				ASSETCATALOG_COMPILER_APPICON_NAME = AppIcon;
				CODE_SIGN_STYLE = Automatic;
				INFOPLIST_FILE = WaveAnimation/Info.plist;
				LD_RUNPATH_SEARCH_PATHS = "$(inherited) @executable_path/Frameworks";
				PRODUCT_BUNDLE_IDENTIFIER = llc.WaveAnimation;
				PRODUCT_NAME = "$(TARGET_NAME)";
				SWIFT_VERSION = 4.0;
				TARGETED_DEVICE_FAMILY = "1,2";
			};
			name = Debug;
		};
		6205A76A1F7D45F4000A97E7 /* Release */ = {
			isa = XCBuildConfiguration;
			buildSettings = {
				ASSETCATALOG_COMPILER_APPICON_NAME = AppIcon;
				CODE_SIGN_STYLE = Automatic;
				INFOPLIST_FILE = WaveAnimation/Info.plist;
				LD_RUNPATH_SEARCH_PATHS = "$(inherited) @executable_path/Frameworks";
				PRODUCT_BUNDLE_IDENTIFIER = llc.WaveAnimation;
				PRODUCT_NAME = "$(TARGET_NAME)";
				SWIFT_VERSION = 4.0;
				TARGETED_DEVICE_FAMILY = "1,2";
			};
			name = Release;
		};
/* End XCBuildConfiguration section */

/* Begin XCConfigurationList section */
		6205A7511F7D45F4000A97E7 /* Build configuration list for PBXProject "WaveAnimation" */ = {
			isa = XCConfigurationList;
			buildConfigurations = (
				6205A7661F7D45F4000A97E7 /* Debug */,
				6205A7671F7D45F4000A97E7 /* Release */,
			);
			defaultConfigurationIsVisible = 0;
			defaultConfigurationName = Release;
		};
		6205A7681F7D45F4000A97E7 /* Build configuration list for PBXNativeTarget "WaveAnimation" */ = {
			isa = XCConfigurationList;
			buildConfigurations = (
				6205A7691F7D45F4000A97E7 /* Debug */,
				6205A76A1F7D45F4000A97E7 /* Release */,
			);
			defaultConfigurationIsVisible = 0;
			defaultConfigurationName = Release;
		};
/* End XCConfigurationList section */
	};
	rootObject = 6205A74E1F7D45F4000A97E7 /* Project object */;
}
